// !$*UTF8*$!
{
	archiveVersion = 1;
	classes = {
	};
	objectVersion = 56;
	objects = {

/* Begin PBXBuildFile section */
		5C1DBE342C5C33F700B28D02 /* HomeView.swift in Sources */ = {isa = PBXBuildFile; fileRef = 5C1DBE332C5C33F700B28D02 /* HomeView.swift */; };
		5C24E7992C5AAA6E009B8437 /* AddExerciseTemplateView.swift in Sources */ = {isa = PBXBuildFile; fileRef = 5C24E7982C5AAA6E009B8437 /* AddExerciseTemplateView.swift */; };
		5C6BB80F2C4E97DE00C6C414 /* weight_trackApp.swift in Sources */ = {isa = PBXBuildFile; fileRef = 5C6BB80E2C4E97DE00C6C414 /* weight_trackApp.swift */; };
		5C6BB8112C4E97DE00C6C414 /* ContentView.swift in Sources */ = {isa = PBXBuildFile; fileRef = 5C6BB8102C4E97DE00C6C414 /* ContentView.swift */; };
		5C6BB8152C4E97DF00C6C414 /* Assets.xcassets in Resources */ = {isa = PBXBuildFile; fileRef = 5C6BB8142C4E97DF00C6C414 /* Assets.xcassets */; };
		5C6BB8192C4E97DF00C6C414 /* Preview Assets.xcassets in Resources */ = {isa = PBXBuildFile; fileRef = 5C6BB8182C4E97DF00C6C414 /* Preview Assets.xcassets */; };
		5C6BB8232C4E97DF00C6C414 /* weight_trackTests.swift in Sources */ = {isa = PBXBuildFile; fileRef = 5C6BB8222C4E97DF00C6C414 /* weight_trackTests.swift */; };
		5C6BB82D2C4E97DF00C6C414 /* weight_trackUITests.swift in Sources */ = {isa = PBXBuildFile; fileRef = 5C6BB82C2C4E97DF00C6C414 /* weight_trackUITests.swift */; };
		5C6BB82F2C4E97DF00C6C414 /* weight_trackUITestsLaunchTests.swift in Sources */ = {isa = PBXBuildFile; fileRef = 5C6BB82E2C4E97DF00C6C414 /* weight_trackUITestsLaunchTests.swift */; };
		5C76B4F52C56F00100F147E3 /* Exercise.swift in Sources */ = {isa = PBXBuildFile; fileRef = 5C76B4F42C56F00100F147E3 /* Exercise.swift */; };
		5C76B4F72C56F19D00F147E3 /* Workout.swift in Sources */ = {isa = PBXBuildFile; fileRef = 5C76B4F62C56F19D00F147E3 /* Workout.swift */; };
		5CEE25202C5800ED00302F61 /* TemplateListView.swift in Sources */ = {isa = PBXBuildFile; fileRef = 5CEE251F2C5800ED00302F61 /* TemplateListView.swift */; };
		5CEE25222C5804CC00302F61 /* TemplateCardView.swift in Sources */ = {isa = PBXBuildFile; fileRef = 5CEE25212C5804CC00302F61 /* TemplateCardView.swift */; };
		5CEE25252C5804F400302F61 /* TemplateFullView.swift in Sources */ = {isa = PBXBuildFile; fileRef = 5CEE25242C5804F400302F61 /* TemplateFullView.swift */; };
		5CEE25272C583A1C00302F61 /* AddTemplateView.swift in Sources */ = {isa = PBXBuildFile; fileRef = 5CEE25262C583A1C00302F61 /* AddTemplateView.swift */; };
/* End PBXBuildFile section */

/* Begin PBXContainerItemProxy section */
		5C6BB81F2C4E97DF00C6C414 /* PBXContainerItemProxy */ = {
			isa = PBXContainerItemProxy;
			containerPortal = 5C6BB8032C4E97DE00C6C414 /* Project object */;
			proxyType = 1;
			remoteGlobalIDString = 5C6BB80A2C4E97DE00C6C414;
			remoteInfo = weight_track;
		};
		5C6BB8292C4E97DF00C6C414 /* PBXContainerItemProxy */ = {
			isa = PBXContainerItemProxy;
			containerPortal = 5C6BB8032C4E97DE00C6C414 /* Project object */;
			proxyType = 1;
			remoteGlobalIDString = 5C6BB80A2C4E97DE00C6C414;
			remoteInfo = weight_track;
		};
/* End PBXContainerItemProxy section */

/* Begin PBXFileReference section */
		5C1DBE332C5C33F700B28D02 /* HomeView.swift */ = {isa = PBXFileReference; lastKnownFileType = sourcecode.swift; path = HomeView.swift; sourceTree = "<group>"; };
		5C24E7982C5AAA6E009B8437 /* AddExerciseTemplateView.swift */ = {isa = PBXFileReference; lastKnownFileType = sourcecode.swift; path = AddExerciseTemplateView.swift; sourceTree = "<group>"; };
		5C6BB80B2C4E97DE00C6C414 /* weight_track.app */ = {isa = PBXFileReference; explicitFileType = wrapper.application; includeInIndex = 0; path = weight_track.app; sourceTree = BUILT_PRODUCTS_DIR; };
		5C6BB80E2C4E97DE00C6C414 /* weight_trackApp.swift */ = {isa = PBXFileReference; lastKnownFileType = sourcecode.swift; path = weight_trackApp.swift; sourceTree = "<group>"; };
		5C6BB8102C4E97DE00C6C414 /* ContentView.swift */ = {isa = PBXFileReference; lastKnownFileType = sourcecode.swift; path = ContentView.swift; sourceTree = "<group>"; };
		5C6BB8142C4E97DF00C6C414 /* Assets.xcassets */ = {isa = PBXFileReference; lastKnownFileType = folder.assetcatalog; path = Assets.xcassets; sourceTree = "<group>"; };
		5C6BB8162C4E97DF00C6C414 /* weight_track.entitlements */ = {isa = PBXFileReference; lastKnownFileType = text.plist.entitlements; path = weight_track.entitlements; sourceTree = "<group>"; };
		5C6BB8182C4E97DF00C6C414 /* Preview Assets.xcassets */ = {isa = PBXFileReference; lastKnownFileType = folder.assetcatalog; path = "Preview Assets.xcassets"; sourceTree = "<group>"; };
		5C6BB81E2C4E97DF00C6C414 /* weight_trackTests.xctest */ = {isa = PBXFileReference; explicitFileType = wrapper.cfbundle; includeInIndex = 0; path = weight_trackTests.xctest; sourceTree = BUILT_PRODUCTS_DIR; };
		5C6BB8222C4E97DF00C6C414 /* weight_trackTests.swift */ = {isa = PBXFileReference; lastKnownFileType = sourcecode.swift; path = weight_trackTests.swift; sourceTree = "<group>"; };
		5C6BB8282C4E97DF00C6C414 /* weight_trackUITests.xctest */ = {isa = PBXFileReference; explicitFileType = wrapper.cfbundle; includeInIndex = 0; path = weight_trackUITests.xctest; sourceTree = BUILT_PRODUCTS_DIR; };
		5C6BB82C2C4E97DF00C6C414 /* weight_trackUITests.swift */ = {isa = PBXFileReference; lastKnownFileType = sourcecode.swift; path = weight_trackUITests.swift; sourceTree = "<group>"; };
		5C6BB82E2C4E97DF00C6C414 /* weight_trackUITestsLaunchTests.swift */ = {isa = PBXFileReference; lastKnownFileType = sourcecode.swift; path = weight_trackUITestsLaunchTests.swift; sourceTree = "<group>"; };
		5C76B4F42C56F00100F147E3 /* Exercise.swift */ = {isa = PBXFileReference; lastKnownFileType = sourcecode.swift; path = Exercise.swift; sourceTree = "<group>"; };
		5C76B4F62C56F19D00F147E3 /* Workout.swift */ = {isa = PBXFileReference; lastKnownFileType = sourcecode.swift; path = Workout.swift; sourceTree = "<group>"; };
		5CEE251F2C5800ED00302F61 /* TemplateListView.swift */ = {isa = PBXFileReference; lastKnownFileType = sourcecode.swift; path = TemplateListView.swift; sourceTree = "<group>"; };
		5CEE25212C5804CC00302F61 /* TemplateCardView.swift */ = {isa = PBXFileReference; lastKnownFileType = sourcecode.swift; path = TemplateCardView.swift; sourceTree = "<group>"; };
		5CEE25242C5804F400302F61 /* TemplateFullView.swift */ = {isa = PBXFileReference; lastKnownFileType = sourcecode.swift; path = TemplateFullView.swift; sourceTree = "<group>"; };
		5CEE25262C583A1C00302F61 /* AddTemplateView.swift */ = {isa = PBXFileReference; lastKnownFileType = sourcecode.swift; path = AddTemplateView.swift; sourceTree = "<group>"; };
/* End PBXFileReference section */

/* Begin PBXFrameworksBuildPhase section */
		5C6BB8082C4E97DE00C6C414 /* Frameworks */ = {
			isa = PBXFrameworksBuildPhase;
			buildActionMask = 2147483647;
			files = (
			);
			runOnlyForDeploymentPostprocessing = 0;
		};
		5C6BB81B2C4E97DF00C6C414 /* Frameworks */ = {
			isa = PBXFrameworksBuildPhase;
			buildActionMask = 2147483647;
			files = (
			);
			runOnlyForDeploymentPostprocessing = 0;
		};
		5C6BB8252C4E97DF00C6C414 /* Frameworks */ = {
			isa = PBXFrameworksBuildPhase;
			buildActionMask = 2147483647;
			files = (
			);
			runOnlyForDeploymentPostprocessing = 0;
		};
/* End PBXFrameworksBuildPhase section */

/* Begin PBXGroup section */
		5C24E7972C5AAA59009B8437 /* FormViews */ = {
			isa = PBXGroup;
			children = (
				5CEE25262C583A1C00302F61 /* AddTemplateView.swift */,
				5C24E7982C5AAA6E009B8437 /* AddExerciseTemplateView.swift */,
			);
			path = FormViews;
			sourceTree = "<group>";
		};
		5C6BB8022C4E97DE00C6C414 = {
			isa = PBXGroup;
			children = (
				5C6BB80D2C4E97DE00C6C414 /* weight_track */,
				5C6BB8212C4E97DF00C6C414 /* weight_trackTests */,
				5C6BB82B2C4E97DF00C6C414 /* weight_trackUITests */,
				5C6BB80C2C4E97DE00C6C414 /* Products */,
			);
			sourceTree = "<group>";
		};
		5C6BB80C2C4E97DE00C6C414 /* Products */ = {
			isa = PBXGroup;
			children = (
				5C6BB80B2C4E97DE00C6C414 /* weight_track.app */,
				5C6BB81E2C4E97DF00C6C414 /* weight_trackTests.xctest */,
				5C6BB8282C4E97DF00C6C414 /* weight_trackUITests.xctest */,
			);
			name = Products;
			sourceTree = "<group>";
		};
		5C6BB80D2C4E97DE00C6C414 /* weight_track */ = {
			isa = PBXGroup;
			children = (
				5CEE25232C5804D700302F61 /* TemplateViews */,
				5C6BB80E2C4E97DE00C6C414 /* weight_trackApp.swift */,
				5C6BB8102C4E97DE00C6C414 /* ContentView.swift */,
				5C6BB8142C4E97DF00C6C414 /* Assets.xcassets */,
				5C6BB8162C4E97DF00C6C414 /* weight_track.entitlements */,
				5C6BB8172C4E97DF00C6C414 /* Preview Content */,
				5C76B4F42C56F00100F147E3 /* Exercise.swift */,
				5C76B4F62C56F19D00F147E3 /* Workout.swift */,
				5C1DBE332C5C33F700B28D02 /* HomeView.swift */,
			);
			path = weight_track;
			sourceTree = "<group>";
		};
		5C6BB8172C4E97DF00C6C414 /* Preview Content */ = {
			isa = PBXGroup;
			children = (
				5C6BB8182C4E97DF00C6C414 /* Preview Assets.xcassets */,
			);
			path = "Preview Content";
			sourceTree = "<group>";
		};
		5C6BB8212C4E97DF00C6C414 /* weight_trackTests */ = {
			isa = PBXGroup;
			children = (
				5C6BB8222C4E97DF00C6C414 /* weight_trackTests.swift */,
			);
			path = weight_trackTests;
			sourceTree = "<group>";
		};
		5C6BB82B2C4E97DF00C6C414 /* weight_trackUITests */ = {
			isa = PBXGroup;
			children = (
				5C6BB82C2C4E97DF00C6C414 /* weight_trackUITests.swift */,
				5C6BB82E2C4E97DF00C6C414 /* weight_trackUITestsLaunchTests.swift */,
			);
			path = weight_trackUITests;
			sourceTree = "<group>";
		};
		5CEE25232C5804D700302F61 /* TemplateViews */ = {
			isa = PBXGroup;
			children = (
				5C24E7972C5AAA59009B8437 /* FormViews */,
				5CEE25212C5804CC00302F61 /* TemplateCardView.swift */,
				5CEE251F2C5800ED00302F61 /* TemplateListView.swift */,
				5CEE25242C5804F400302F61 /* TemplateFullView.swift */,
			);
			path = TemplateViews;
			sourceTree = "<group>";
		};
/* End PBXGroup section */

/* Begin PBXNativeTarget section */
		5C6BB80A2C4E97DE00C6C414 /* weight_track */ = {
			isa = PBXNativeTarget;
			buildConfigurationList = 5C6BB8322C4E97DF00C6C414 /* Build configuration list for PBXNativeTarget "weight_track" */;
			buildPhases = (
				5C6BB8072C4E97DE00C6C414 /* Sources */,
				5C6BB8082C4E97DE00C6C414 /* Frameworks */,
				5C6BB8092C4E97DE00C6C414 /* Resources */,
			);
			buildRules = (
			);
			dependencies = (
			);
			name = weight_track;
			productName = weight_track;
			productReference = 5C6BB80B2C4E97DE00C6C414 /* weight_track.app */;
			productType = "com.apple.product-type.application";
		};
		5C6BB81D2C4E97DF00C6C414 /* weight_trackTests */ = {
			isa = PBXNativeTarget;
			buildConfigurationList = 5C6BB8352C4E97DF00C6C414 /* Build configuration list for PBXNativeTarget "weight_trackTests" */;
			buildPhases = (
				5C6BB81A2C4E97DF00C6C414 /* Sources */,
				5C6BB81B2C4E97DF00C6C414 /* Frameworks */,
				5C6BB81C2C4E97DF00C6C414 /* Resources */,
			);
			buildRules = (
			);
			dependencies = (
				5C6BB8202C4E97DF00C6C414 /* PBXTargetDependency */,
			);
			name = weight_trackTests;
			productName = weight_trackTests;
			productReference = 5C6BB81E2C4E97DF00C6C414 /* weight_trackTests.xctest */;
			productType = "com.apple.product-type.bundle.unit-test";
		};
		5C6BB8272C4E97DF00C6C414 /* weight_trackUITests */ = {
			isa = PBXNativeTarget;
			buildConfigurationList = 5C6BB8382C4E97DF00C6C414 /* Build configuration list for PBXNativeTarget "weight_trackUITests" */;
			buildPhases = (
				5C6BB8242C4E97DF00C6C414 /* Sources */,
				5C6BB8252C4E97DF00C6C414 /* Frameworks */,
				5C6BB8262C4E97DF00C6C414 /* Resources */,
			);
			buildRules = (
			);
			dependencies = (
				5C6BB82A2C4E97DF00C6C414 /* PBXTargetDependency */,
			);
			name = weight_trackUITests;
			productName = weight_trackUITests;
			productReference = 5C6BB8282C4E97DF00C6C414 /* weight_trackUITests.xctest */;
			productType = "com.apple.product-type.bundle.ui-testing";
		};
/* End PBXNativeTarget section */

/* Begin PBXProject section */
		5C6BB8032C4E97DE00C6C414 /* Project object */ = {
			isa = PBXProject;
			attributes = {
				BuildIndependentTargetsInParallel = 1;
				LastSwiftUpdateCheck = 1540;
				LastUpgradeCheck = 1540;
				TargetAttributes = {
					5C6BB80A2C4E97DE00C6C414 = {
						CreatedOnToolsVersion = 15.4;
					};
					5C6BB81D2C4E97DF00C6C414 = {
						CreatedOnToolsVersion = 15.4;
						TestTargetID = 5C6BB80A2C4E97DE00C6C414;
					};
					5C6BB8272C4E97DF00C6C414 = {
						CreatedOnToolsVersion = 15.4;
						TestTargetID = 5C6BB80A2C4E97DE00C6C414;
					};
				};
			};
			buildConfigurationList = 5C6BB8062C4E97DE00C6C414 /* Build configuration list for PBXProject "weight_track" */;
			compatibilityVersion = "Xcode 14.0";
			developmentRegion = en;
			hasScannedForEncodings = 0;
			knownRegions = (
				en,
				Base,
			);
			mainGroup = 5C6BB8022C4E97DE00C6C414;
			productRefGroup = 5C6BB80C2C4E97DE00C6C414 /* Products */;
			projectDirPath = "";
			projectRoot = "";
			targets = (
				5C6BB80A2C4E97DE00C6C414 /* weight_track */,
				5C6BB81D2C4E97DF00C6C414 /* weight_trackTests */,
				5C6BB8272C4E97DF00C6C414 /* weight_trackUITests */,
			);
		};
/* End PBXProject section */

/* Begin PBXResourcesBuildPhase section */
		5C6BB8092C4E97DE00C6C414 /* Resources */ = {
			isa = PBXResourcesBuildPhase;
			buildActionMask = 2147483647;
			files = (
				5C6BB8192C4E97DF00C6C414 /* Preview Assets.xcassets in Resources */,
				5C6BB8152C4E97DF00C6C414 /* Assets.xcassets in Resources */,
			);
			runOnlyForDeploymentPostprocessing = 0;
		};
		5C6BB81C2C4E97DF00C6C414 /* Resources */ = {
			isa = PBXResourcesBuildPhase;
			buildActionMask = 2147483647;
			files = (
			);
			runOnlyForDeploymentPostprocessing = 0;
		};
		5C6BB8262C4E97DF00C6C414 /* Resources */ = {
			isa = PBXResourcesBuildPhase;
			buildActionMask = 2147483647;
			files = (
			);
			runOnlyForDeploymentPostprocessing = 0;
		};
/* End PBXResourcesBuildPhase section */

/* Begin PBXSourcesBuildPhase section */
		5C6BB8072C4E97DE00C6C414 /* Sources */ = {
			isa = PBXSourcesBuildPhase;
			buildActionMask = 2147483647;
			files = (
				5CEE25272C583A1C00302F61 /* AddTemplateView.swift in Sources */,
				5C6BB8112C4E97DE00C6C414 /* ContentView.swift in Sources */,
				5CEE25202C5800ED00302F61 /* TemplateListView.swift in Sources */,
				5C1DBE342C5C33F700B28D02 /* HomeView.swift in Sources */,
				5CEE25222C5804CC00302F61 /* TemplateCardView.swift in Sources */,
				5C76B4F52C56F00100F147E3 /* Exercise.swift in Sources */,
				5CEE25252C5804F400302F61 /* TemplateFullView.swift in Sources */,
				5C76B4F72C56F19D00F147E3 /* Workout.swift in Sources */,
				5C24E7992C5AAA6E009B8437 /* AddExerciseTemplateView.swift in Sources */,
				5C6BB80F2C4E97DE00C6C414 /* weight_trackApp.swift in Sources */,
			);
			runOnlyForDeploymentPostprocessing = 0;
		};
		5C6BB81A2C4E97DF00C6C414 /* Sources */ = {
			isa = PBXSourcesBuildPhase;
			buildActionMask = 2147483647;
			files = (
				5C6BB8232C4E97DF00C6C414 /* weight_trackTests.swift in Sources */,
			);
			runOnlyForDeploymentPostprocessing = 0;
		};
		5C6BB8242C4E97DF00C6C414 /* Sources */ = {
			isa = PBXSourcesBuildPhase;
			buildActionMask = 2147483647;
			files = (
				5C6BB82F2C4E97DF00C6C414 /* weight_trackUITestsLaunchTests.swift in Sources */,
				5C6BB82D2C4E97DF00C6C414 /* weight_trackUITests.swift in Sources */,
			);
			runOnlyForDeploymentPostprocessing = 0;
		};
/* End PBXSourcesBuildPhase section */

/* Begin PBXTargetDependency section */
		5C6BB8202C4E97DF00C6C414 /* PBXTargetDependency */ = {
			isa = PBXTargetDependency;
			target = 5C6BB80A2C4E97DE00C6C414 /* weight_track */;
			targetProxy = 5C6BB81F2C4E97DF00C6C414 /* PBXContainerItemProxy */;
		};
		5C6BB82A2C4E97DF00C6C414 /* PBXTargetDependency */ = {
			isa = PBXTargetDependency;
			target = 5C6BB80A2C4E97DE00C6C414 /* weight_track */;
			targetProxy = 5C6BB8292C4E97DF00C6C414 /* PBXContainerItemProxy */;
		};
/* End PBXTargetDependency section */

/* Begin XCBuildConfiguration section */
		5C6BB8302C4E97DF00C6C414 /* Debug */ = {
			isa = XCBuildConfiguration;
			buildSettings = {
				ALWAYS_SEARCH_USER_PATHS = NO;
				ASSETCATALOG_COMPILER_GENERATE_SWIFT_ASSET_SYMBOL_EXTENSIONS = YES;
				CLANG_ANALYZER_NONNULL = YES;
				CLANG_ANALYZER_NUMBER_OBJECT_CONVERSION = YES_AGGRESSIVE;
				CLANG_CXX_LANGUAGE_STANDARD = "gnu++20";
				CLANG_ENABLE_MODULES = YES;
				CLANG_ENABLE_OBJC_ARC = YES;
				CLANG_ENABLE_OBJC_WEAK = YES;
				CLANG_WARN_BLOCK_CAPTURE_AUTORELEASING = YES;
				CLANG_WARN_BOOL_CONVERSION = YES;
				CLANG_WARN_COMMA = YES;
				CLANG_WARN_CONSTANT_CONVERSION = YES;
				CLANG_WARN_DEPRECATED_OBJC_IMPLEMENTATIONS = YES;
				CLANG_WARN_DIRECT_OBJC_ISA_USAGE = YES_ERROR;
				CLANG_WARN_DOCUMENTATION_COMMENTS = YES;
				CLANG_WARN_EMPTY_BODY = YES;
				CLANG_WARN_ENUM_CONVERSION = YES;
				CLANG_WARN_INFINITE_RECURSION = YES;
				CLANG_WARN_INT_CONVERSION = YES;
				CLANG_WARN_NON_LITERAL_NULL_CONVERSION = YES;
				CLANG_WARN_OBJC_IMPLICIT_RETAIN_SELF = YES;
				CLANG_WARN_OBJC_LITERAL_CONVERSION = YES;
				CLANG_WARN_OBJC_ROOT_CLASS = YES_ERROR;
				CLANG_WARN_QUOTED_INCLUDE_IN_FRAMEWORK_HEADER = YES;
				CLANG_WARN_RANGE_LOOP_ANALYSIS = YES;
				CLANG_WARN_STRICT_PROTOTYPES = YES;
				CLANG_WARN_SUSPICIOUS_MOVE = YES;
				CLANG_WARN_UNGUARDED_AVAILABILITY = YES_AGGRESSIVE;
				CLANG_WARN_UNREACHABLE_CODE = YES;
				CLANG_WARN__DUPLICATE_METHOD_MATCH = YES;
				COPY_PHASE_STRIP = NO;
				DEBUG_INFORMATION_FORMAT = dwarf;
				ENABLE_STRICT_OBJC_MSGSEND = YES;
				ENABLE_TESTABILITY = YES;
				ENABLE_USER_SCRIPT_SANDBOXING = YES;
				GCC_C_LANGUAGE_STANDARD = gnu17;
				GCC_DYNAMIC_NO_PIC = NO;
				GCC_NO_COMMON_BLOCKS = YES;
				GCC_OPTIMIZATION_LEVEL = 0;
				GCC_PREPROCESSOR_DEFINITIONS = (
					"DEBUG=1",
					"$(inherited)",
				);
				GCC_WARN_64_TO_32_BIT_CONVERSION = YES;
				GCC_WARN_ABOUT_RETURN_TYPE = YES_ERROR;
				GCC_WARN_UNDECLARED_SELECTOR = YES;
				GCC_WARN_UNINITIALIZED_AUTOS = YES_AGGRESSIVE;
				GCC_WARN_UNUSED_FUNCTION = YES;
				GCC_WARN_UNUSED_VARIABLE = YES;
				LOCALIZATION_PREFERS_STRING_CATALOGS = YES;
				MTL_ENABLE_DEBUG_INFO = INCLUDE_SOURCE;
				MTL_FAST_MATH = YES;
				ONLY_ACTIVE_ARCH = YES;
				SWIFT_ACTIVE_COMPILATION_CONDITIONS = "DEBUG $(inherited)";
				SWIFT_OPTIMIZATION_LEVEL = "-Onone";
			};
			name = Debug;
		};
		5C6BB8312C4E97DF00C6C414 /* Release */ = {
			isa = XCBuildConfiguration;
			buildSettings = {
				ALWAYS_SEARCH_USER_PATHS = NO;
				ASSETCATALOG_COMPILER_GENERATE_SWIFT_ASSET_SYMBOL_EXTENSIONS = YES;
				CLANG_ANALYZER_NONNULL = YES;
				CLANG_ANALYZER_NUMBER_OBJECT_CONVERSION = YES_AGGRESSIVE;
				CLANG_CXX_LANGUAGE_STANDARD = "gnu++20";
				CLANG_ENABLE_MODULES = YES;
				CLANG_ENABLE_OBJC_ARC = YES;
				CLANG_ENABLE_OBJC_WEAK = YES;
				CLANG_WARN_BLOCK_CAPTURE_AUTORELEASING = YES;
				CLANG_WARN_BOOL_CONVERSION = YES;
				CLANG_WARN_COMMA = YES;
				CLANG_WARN_CONSTANT_CONVERSION = YES;
				CLANG_WARN_DEPRECATED_OBJC_IMPLEMENTATIONS = YES;
				CLANG_WARN_DIRECT_OBJC_ISA_USAGE = YES_ERROR;
				CLANG_WARN_DOCUMENTATION_COMMENTS = YES;
				CLANG_WARN_EMPTY_BODY = YES;
				CLANG_WARN_ENUM_CONVERSION = YES;
				CLANG_WARN_INFINITE_RECURSION = YES;
				CLANG_WARN_INT_CONVERSION = YES;
				CLANG_WARN_NON_LITERAL_NULL_CONVERSION = YES;
				CLANG_WARN_OBJC_IMPLICIT_RETAIN_SELF = YES;
				CLANG_WARN_OBJC_LITERAL_CONVERSION = YES;
				CLANG_WARN_OBJC_ROOT_CLASS = YES_ERROR;
				CLANG_WARN_QUOTED_INCLUDE_IN_FRAMEWORK_HEADER = YES;
				CLANG_WARN_RANGE_LOOP_ANALYSIS = YES;
				CLANG_WARN_STRICT_PROTOTYPES = YES;
				CLANG_WARN_SUSPICIOUS_MOVE = YES;
				CLANG_WARN_UNGUARDED_AVAILABILITY = YES_AGGRESSIVE;
				CLANG_WARN_UNREACHABLE_CODE = YES;
				CLANG_WARN__DUPLICATE_METHOD_MATCH = YES;
				COPY_PHASE_STRIP = NO;
				DEBUG_INFORMATION_FORMAT = "dwarf-with-dsym";
				ENABLE_NS_ASSERTIONS = NO;
				ENABLE_STRICT_OBJC_MSGSEND = YES;
				ENABLE_USER_SCRIPT_SANDBOXING = YES;
				GCC_C_LANGUAGE_STANDARD = gnu17;
				GCC_NO_COMMON_BLOCKS = YES;
				GCC_WARN_64_TO_32_BIT_CONVERSION = YES;
				GCC_WARN_ABOUT_RETURN_TYPE = YES_ERROR;
				GCC_WARN_UNDECLARED_SELECTOR = YES;
				GCC_WARN_UNINITIALIZED_AUTOS = YES_AGGRESSIVE;
				GCC_WARN_UNUSED_FUNCTION = YES;
				GCC_WARN_UNUSED_VARIABLE = YES;
				LOCALIZATION_PREFERS_STRING_CATALOGS = YES;
				MTL_ENABLE_DEBUG_INFO = NO;
				MTL_FAST_MATH = YES;
				SWIFT_COMPILATION_MODE = wholemodule;
			};
			name = Release;
		};
		5C6BB8332C4E97DF00C6C414 /* Debug */ = {
			isa = XCBuildConfiguration;
			buildSettings = {
				ASSETCATALOG_COMPILER_APPICON_NAME = AppIcon;
				ASSETCATALOG_COMPILER_GLOBAL_ACCENT_COLOR_NAME = AccentColor;
				CODE_SIGN_ENTITLEMENTS = weight_track/weight_track.entitlements;
				CODE_SIGN_STYLE = Automatic;
				CURRENT_PROJECT_VERSION = 1;
				DEVELOPMENT_ASSET_PATHS = "\"weight_track/Preview Content\"";
				DEVELOPMENT_TEAM = FSX2FWW3XC;
				ENABLE_HARDENED_RUNTIME = YES;
				ENABLE_PREVIEWS = YES;
				GENERATE_INFOPLIST_FILE = YES;
				"INFOPLIST_KEY_UIApplicationSceneManifest_Generation[sdk=iphoneos*]" = YES;
				"INFOPLIST_KEY_UIApplicationSceneManifest_Generation[sdk=iphonesimulator*]" = YES;
				"INFOPLIST_KEY_UIApplicationSupportsIndirectInputEvents[sdk=iphoneos*]" = YES;
				"INFOPLIST_KEY_UIApplicationSupportsIndirectInputEvents[sdk=iphonesimulator*]" = YES;
				"INFOPLIST_KEY_UILaunchScreen_Generation[sdk=iphoneos*]" = YES;
				"INFOPLIST_KEY_UILaunchScreen_Generation[sdk=iphonesimulator*]" = YES;
				"INFOPLIST_KEY_UIStatusBarStyle[sdk=iphoneos*]" = UIStatusBarStyleDefault;
				"INFOPLIST_KEY_UIStatusBarStyle[sdk=iphonesimulator*]" = UIStatusBarStyleDefault;
				INFOPLIST_KEY_UISupportedInterfaceOrientations_iPad = "UIInterfaceOrientationPortrait UIInterfaceOrientationPortraitUpsideDown UIInterfaceOrientationLandscapeLeft UIInterfaceOrientationLandscapeRight";
				INFOPLIST_KEY_UISupportedInterfaceOrientations_iPhone = "UIInterfaceOrientationPortrait UIInterfaceOrientationLandscapeLeft UIInterfaceOrientationLandscapeRight";
				IPHONEOS_DEPLOYMENT_TARGET = 17.5;
				LD_RUNPATH_SEARCH_PATHS = "@executable_path/Frameworks";
				"LD_RUNPATH_SEARCH_PATHS[sdk=macosx*]" = "@executable_path/../Frameworks";
				MACOSX_DEPLOYMENT_TARGET = 14.0;
				MARKETING_VERSION = 1.0;
				PRODUCT_BUNDLE_IDENTIFIER = "com.linglejack.weight-track";
				PRODUCT_NAME = "$(TARGET_NAME)";
				SDKROOT = auto;
				SUPPORTED_PLATFORMS = "iphoneos iphonesimulator macosx";
				SWIFT_EMIT_LOC_STRINGS = YES;
				SWIFT_VERSION = 5.0;
				TARGETED_DEVICE_FAMILY = "1,2";
			};
			name = Debug;
		};
		5C6BB8342C4E97DF00C6C414 /* Release */ = {
			isa = XCBuildConfiguration;
			buildSettings = {
				ASSETCATALOG_COMPILER_APPICON_NAME = AppIcon;
				ASSETCATALOG_COMPILER_GLOBAL_ACCENT_COLOR_NAME = AccentColor;
				CODE_SIGN_ENTITLEMENTS = weight_track/weight_track.entitlements;
				CODE_SIGN_STYLE = Automatic;
				CURRENT_PROJECT_VERSION = 1;
				DEVELOPMENT_ASSET_PATHS = "\"weight_track/Preview Content\"";
				DEVELOPMENT_TEAM = FSX2FWW3XC;
				ENABLE_HARDENED_RUNTIME = YES;
				ENABLE_PREVIEWS = YES;
				GENERATE_INFOPLIST_FILE = YES;
				"INFOPLIST_KEY_UIApplicationSceneManifest_Generation[sdk=iphoneos*]" = YES;
				"INFOPLIST_KEY_UIApplicationSceneManifest_Generation[sdk=iphonesimulator*]" = YES;
				"INFOPLIST_KEY_UIApplicationSupportsIndirectInputEvents[sdk=iphoneos*]" = YES;
				"INFOPLIST_KEY_UIApplicationSupportsIndirectInputEvents[sdk=iphonesimulator*]" = YES;
				"INFOPLIST_KEY_UILaunchScreen_Generation[sdk=iphoneos*]" = YES;
				"INFOPLIST_KEY_UILaunchScreen_Generation[sdk=iphonesimulator*]" = YES;
				"INFOPLIST_KEY_UIStatusBarStyle[sdk=iphoneos*]" = UIStatusBarStyleDefault;
				"INFOPLIST_KEY_UIStatusBarStyle[sdk=iphonesimulator*]" = UIStatusBarStyleDefault;
				INFOPLIST_KEY_UISupportedInterfaceOrientations_iPad = "UIInterfaceOrientationPortrait UIInterfaceOrientationPortraitUpsideDown UIInterfaceOrientationLandscapeLeft UIInterfaceOrientationLandscapeRight";
				INFOPLIST_KEY_UISupportedInterfaceOrientations_iPhone = "UIInterfaceOrientationPortrait UIInterfaceOrientationLandscapeLeft UIInterfaceOrientationLandscapeRight";
				IPHONEOS_DEPLOYMENT_TARGET = 17.5;
				LD_RUNPATH_SEARCH_PATHS = "@executable_path/Frameworks";
				"LD_RUNPATH_SEARCH_PATHS[sdk=macosx*]" = "@executable_path/../Frameworks";
				MACOSX_DEPLOYMENT_TARGET = 14.0;
				MARKETING_VERSION = 1.0;
				PRODUCT_BUNDLE_IDENTIFIER = "com.linglejack.weight-track";
				PRODUCT_NAME = "$(TARGET_NAME)";
				SDKROOT = auto;
				SUPPORTED_PLATFORMS = "iphoneos iphonesimulator macosx";
				SWIFT_EMIT_LOC_STRINGS = YES;
				SWIFT_VERSION = 5.0;
				TARGETED_DEVICE_FAMILY = "1,2";
			};
			name = Release;
		};
		5C6BB8362C4E97DF00C6C414 /* Debug */ = {
			isa = XCBuildConfiguration;
			buildSettings = {
				ALWAYS_EMBED_SWIFT_STANDARD_LIBRARIES = YES;
				BUNDLE_LOADER = "$(TEST_HOST)";
				CODE_SIGN_STYLE = Automatic;
				CURRENT_PROJECT_VERSION = 1;
				DEVELOPMENT_TEAM = FSX2FWW3XC;
				GENERATE_INFOPLIST_FILE = YES;
				IPHONEOS_DEPLOYMENT_TARGET = 17.5;
				MACOSX_DEPLOYMENT_TARGET = 14.4;
				MARKETING_VERSION = 1.0;
				PRODUCT_BUNDLE_IDENTIFIER = "com.linglejack.weight-trackTests";
				PRODUCT_NAME = "$(TARGET_NAME)";
				SDKROOT = auto;
				SUPPORTED_PLATFORMS = "iphoneos iphonesimulator macosx";
				SWIFT_EMIT_LOC_STRINGS = NO;
				SWIFT_VERSION = 5.0;
				TARGETED_DEVICE_FAMILY = "1,2";
				TEST_HOST = "$(BUILT_PRODUCTS_DIR)/weight_track.app/$(BUNDLE_EXECUTABLE_FOLDER_PATH)/weight_track";
			};
			name = Debug;
		};
		5C6BB8372C4E97DF00C6C414 /* Release */ = {
			isa = XCBuildConfiguration;
			buildSettings = {
				ALWAYS_EMBED_SWIFT_STANDARD_LIBRARIES = YES;
				BUNDLE_LOADER = "$(TEST_HOST)";
				CODE_SIGN_STYLE = Automatic;
				CURRENT_PROJECT_VERSION = 1;
				DEVELOPMENT_TEAM = FSX2FWW3XC;
				GENERATE_INFOPLIST_FILE = YES;
				IPHONEOS_DEPLOYMENT_TARGET = 17.5;
				MACOSX_DEPLOYMENT_TARGET = 14.4;
				MARKETING_VERSION = 1.0;
				PRODUCT_BUNDLE_IDENTIFIER = "com.linglejack.weight-trackTests";
				PRODUCT_NAME = "$(TARGET_NAME)";
				SDKROOT = auto;
				SUPPORTED_PLATFORMS = "iphoneos iphonesimulator macosx";
				SWIFT_EMIT_LOC_STRINGS = NO;
				SWIFT_VERSION = 5.0;
				TARGETED_DEVICE_FAMILY = "1,2";
				TEST_HOST = "$(BUILT_PRODUCTS_DIR)/weight_track.app/$(BUNDLE_EXECUTABLE_FOLDER_PATH)/weight_track";
			};
			name = Release;
		};
		5C6BB8392C4E97DF00C6C414 /* Debug */ = {
			isa = XCBuildConfiguration;
			buildSettings = {
				ALWAYS_EMBED_SWIFT_STANDARD_LIBRARIES = YES;
				CODE_SIGN_STYLE = Automatic;
				CURRENT_PROJECT_VERSION = 1;
				DEVELOPMENT_TEAM = FSX2FWW3XC;
				GENERATE_INFOPLIST_FILE = YES;
				IPHONEOS_DEPLOYMENT_TARGET = 17.5;
				MACOSX_DEPLOYMENT_TARGET = 14.4;
				MARKETING_VERSION = 1.0;
				PRODUCT_BUNDLE_IDENTIFIER = "com.linglejack.weight-trackUITests";
				PRODUCT_NAME = "$(TARGET_NAME)";
				SDKROOT = auto;
				SUPPORTED_PLATFORMS = "iphoneos iphonesimulator macosx";
				SWIFT_EMIT_LOC_STRINGS = NO;
				SWIFT_VERSION = 5.0;
				TARGETED_DEVICE_FAMILY = "1,2";
				TEST_TARGET_NAME = weight_track;
			};
			name = Debug;
		};
		5C6BB83A2C4E97DF00C6C414 /* Release */ = {
			isa = XCBuildConfiguration;
			buildSettings = {
				ALWAYS_EMBED_SWIFT_STANDARD_LIBRARIES = YES;
				CODE_SIGN_STYLE = Automatic;
				CURRENT_PROJECT_VERSION = 1;
				DEVELOPMENT_TEAM = FSX2FWW3XC;
				GENERATE_INFOPLIST_FILE = YES;
				IPHONEOS_DEPLOYMENT_TARGET = 17.5;
				MACOSX_DEPLOYMENT_TARGET = 14.4;
				MARKETING_VERSION = 1.0;
				PRODUCT_BUNDLE_IDENTIFIER = "com.linglejack.weight-trackUITests";
				PRODUCT_NAME = "$(TARGET_NAME)";
				SDKROOT = auto;
				SUPPORTED_PLATFORMS = "iphoneos iphonesimulator macosx";
				SWIFT_EMIT_LOC_STRINGS = NO;
				SWIFT_VERSION = 5.0;
				TARGETED_DEVICE_FAMILY = "1,2";
				TEST_TARGET_NAME = weight_track;
			};
			name = Release;
		};
/* End XCBuildConfiguration section */

/* Begin XCConfigurationList section */
		5C6BB8062C4E97DE00C6C414 /* Build configuration list for PBXProject "weight_track" */ = {
			isa = XCConfigurationList;
			buildConfigurations = (
				5C6BB8302C4E97DF00C6C414 /* Debug */,
				5C6BB8312C4E97DF00C6C414 /* Release */,
			);
			defaultConfigurationIsVisible = 0;
			defaultConfigurationName = Release;
		};
		5C6BB8322C4E97DF00C6C414 /* Build configuration list for PBXNativeTarget "weight_track" */ = {
			isa = XCConfigurationList;
			buildConfigurations = (
				5C6BB8332C4E97DF00C6C414 /* Debug */,
				5C6BB8342C4E97DF00C6C414 /* Release */,
			);
			defaultConfigurationIsVisible = 0;
			defaultConfigurationName = Release;
		};
		5C6BB8352C4E97DF00C6C414 /* Build configuration list for PBXNativeTarget "weight_trackTests" */ = {
			isa = XCConfigurationList;
			buildConfigurations = (
				5C6BB8362C4E97DF00C6C414 /* Debug */,
				5C6BB8372C4E97DF00C6C414 /* Release */,
			);
			defaultConfigurationIsVisible = 0;
			defaultConfigurationName = Release;
		};
		5C6BB8382C4E97DF00C6C414 /* Build configuration list for PBXNativeTarget "weight_trackUITests" */ = {
			isa = XCConfigurationList;
			buildConfigurations = (
				5C6BB8392C4E97DF00C6C414 /* Debug */,
				5C6BB83A2C4E97DF00C6C414 /* Release */,
			);
			defaultConfigurationIsVisible = 0;
			defaultConfigurationName = Release;
		};
/* End XCConfigurationList section */
	};
	rootObject = 5C6BB8032C4E97DE00C6C414 /* Project object */;
}
